// !$*UTF8*$!
{
	archiveVersion = 1;
	classes = {
	};
	objectVersion = 56;
	objects = {

/* Begin PBXBuildFile section */
		4F4346332C2D302500F91839 /* AppDelegate.swift in Sources */ = {isa = PBXBuildFile; fileRef = 4F4346322C2D302500F91839 /* AppDelegate.swift */; };
		4F4346352C2D302500F91839 /* SceneDelegate.swift in Sources */ = {isa = PBXBuildFile; fileRef = 4F4346342C2D302500F91839 /* SceneDelegate.swift */; };
		4F4346372C2D302500F91839 /* ViewController.swift in Sources */ = {isa = PBXBuildFile; fileRef = 4F4346362C2D302500F91839 /* ViewController.swift */; };
		4F43463A2C2D302500F91839 /* Base in Resources */ = {isa = PBXBuildFile; fileRef = 4F4346392C2D302500F91839 /* Base */; };
		4F43463C2C2D302700F91839 /* Assets.xcassets in Resources */ = {isa = PBXBuildFile; fileRef = 4F43463B2C2D302700F91839 /* Assets.xcassets */; };
		4F43463F2C2D302700F91839 /* Base in Resources */ = {isa = PBXBuildFile; fileRef = 4F43463E2C2D302700F91839 /* Base */; };
		4F43464A2C2D302700F91839 /* CalculatorStoryboardTests.swift in Sources */ = {isa = PBXBuildFile; fileRef = 4F4346492C2D302700F91839 /* CalculatorStoryboardTests.swift */; };
		4F4346542C2D302700F91839 /* CalculatorStoryboardUITests.swift in Sources */ = {isa = PBXBuildFile; fileRef = 4F4346532C2D302700F91839 /* CalculatorStoryboardUITests.swift */; };
		4F4346562C2D302700F91839 /* CalculatorStoryboardUITestsLaunchTests.swift in Sources */ = {isa = PBXBuildFile; fileRef = 4F4346552C2D302700F91839 /* CalculatorStoryboardUITestsLaunchTests.swift */; };
/* End PBXBuildFile section */

/* Begin PBXContainerItemProxy section */
		4F4346462C2D302700F91839 /* PBXContainerItemProxy */ = {
			isa = PBXContainerItemProxy;
			containerPortal = 4F4346272C2D302500F91839 /* Project object */;
			proxyType = 1;
			remoteGlobalIDString = 4F43462E2C2D302500F91839;
			remoteInfo = CalculatorStoryboard;
		};
		4F4346502C2D302700F91839 /* PBXContainerItemProxy */ = {
			isa = PBXContainerItemProxy;
			containerPortal = 4F4346272C2D302500F91839 /* Project object */;
			proxyType = 1;
			remoteGlobalIDString = 4F43462E2C2D302500F91839;
			remoteInfo = CalculatorStoryboard;
		};
/* End PBXContainerItemProxy section */

/* Begin PBXFileReference section */
		4F43462F2C2D302500F91839 /* CalculatorStoryboard.app */ = {isa = PBXFileReference; explicitFileType = wrapper.application; includeInIndex = 0; path = CalculatorStoryboard.app; sourceTree = BUILT_PRODUCTS_DIR; };
		4F4346322C2D302500F91839 /* AppDelegate.swift */ = {isa = PBXFileReference; lastKnownFileType = sourcecode.swift; path = AppDelegate.swift; sourceTree = "<group>"; };
		4F4346342C2D302500F91839 /* SceneDelegate.swift */ = {isa = PBXFileReference; lastKnownFileType = sourcecode.swift; path = SceneDelegate.swift; sourceTree = "<group>"; };
		4F4346362C2D302500F91839 /* ViewController.swift */ = {isa = PBXFileReference; lastKnownFileType = sourcecode.swift; path = ViewController.swift; sourceTree = "<group>"; };
		4F4346392C2D302500F91839 /* Base */ = {isa = PBXFileReference; lastKnownFileType = file.storyboard; name = Base; path = Base.lproj/Main.storyboard; sourceTree = "<group>"; };
		4F43463B2C2D302700F91839 /* Assets.xcassets */ = {isa = PBXFileReference; lastKnownFileType = folder.assetcatalog; path = Assets.xcassets; sourceTree = "<group>"; };
		4F43463E2C2D302700F91839 /* Base */ = {isa = PBXFileReference; lastKnownFileType = file.storyboard; name = Base; path = Base.lproj/LaunchScreen.storyboard; sourceTree = "<group>"; };
		4F4346402C2D302700F91839 /* Info.plist */ = {isa = PBXFileReference; lastKnownFileType = text.plist.xml; path = Info.plist; sourceTree = "<group>"; };
		4F4346452C2D302700F91839 /* CalculatorStoryboardTests.xctest */ = {isa = PBXFileReference; explicitFileType = wrapper.cfbundle; includeInIndex = 0; path = CalculatorStoryboardTests.xctest; sourceTree = BUILT_PRODUCTS_DIR; };
		4F4346492C2D302700F91839 /* CalculatorStoryboardTests.swift */ = {isa = PBXFileReference; lastKnownFileType = sourcecode.swift; path = CalculatorStoryboardTests.swift; sourceTree = "<group>"; };
		4F43464F2C2D302700F91839 /* CalculatorStoryboardUITests.xctest */ = {isa = PBXFileReference; explicitFileType = wrapper.cfbundle; includeInIndex = 0; path = CalculatorStoryboardUITests.xctest; sourceTree = BUILT_PRODUCTS_DIR; };
		4F4346532C2D302700F91839 /* CalculatorStoryboardUITests.swift */ = {isa = PBXFileReference; lastKnownFileType = sourcecode.swift; path = CalculatorStoryboardUITests.swift; sourceTree = "<group>"; };
		4F4346552C2D302700F91839 /* CalculatorStoryboardUITestsLaunchTests.swift */ = {isa = PBXFileReference; lastKnownFileType = sourcecode.swift; path = CalculatorStoryboardUITestsLaunchTests.swift; sourceTree = "<group>"; };
/* End PBXFileReference section */

/* Begin PBXFrameworksBuildPhase section */
		4F43462C2C2D302500F91839 /* Frameworks */ = {
			isa = PBXFrameworksBuildPhase;
			buildActionMask = 2147483647;
			files = (
			);
			runOnlyForDeploymentPostprocessing = 0;
		};
		4F4346422C2D302700F91839 /* Frameworks */ = {
			isa = PBXFrameworksBuildPhase;
			buildActionMask = 2147483647;
			files = (
			);
			runOnlyForDeploymentPostprocessing = 0;
		};
		4F43464C2C2D302700F91839 /* Frameworks */ = {
			isa = PBXFrameworksBuildPhase;
			buildActionMask = 2147483647;
			files = (
			);
			runOnlyForDeploymentPostprocessing = 0;
		};
/* End PBXFrameworksBuildPhase section */

/* Begin PBXGroup section */
		4F4346262C2D302500F91839 = {
			isa = PBXGroup;
			children = (
				4F4346312C2D302500F91839 /* CalculatorStoryboard */,
				4F4346482C2D302700F91839 /* CalculatorStoryboardTests */,
				4F4346522C2D302700F91839 /* CalculatorStoryboardUITests */,
				4F4346302C2D302500F91839 /* Products */,
			);
			sourceTree = "<group>";
		};
		4F4346302C2D302500F91839 /* Products */ = {
			isa = PBXGroup;
			children = (
				4F43462F2C2D302500F91839 /* CalculatorStoryboard.app */,
				4F4346452C2D302700F91839 /* CalculatorStoryboardTests.xctest */,
				4F43464F2C2D302700F91839 /* CalculatorStoryboardUITests.xctest */,
			);
			name = Products;
			sourceTree = "<group>";
		};
		4F4346312C2D302500F91839 /* CalculatorStoryboard */ = {
			isa = PBXGroup;
			children = (
				4F4346322C2D302500F91839 /* AppDelegate.swift */,
				4F4346342C2D302500F91839 /* SceneDelegate.swift */,
				4F4346362C2D302500F91839 /* ViewController.swift */,
				4F4346382C2D302500F91839 /* Main.storyboard */,
				4F43463B2C2D302700F91839 /* Assets.xcassets */,
				4F43463D2C2D302700F91839 /* LaunchScreen.storyboard */,
				4F4346402C2D302700F91839 /* Info.plist */,
			);
			path = CalculatorStoryboard;
			sourceTree = "<group>";
		};
		4F4346482C2D302700F91839 /* CalculatorStoryboardTests */ = {
			isa = PBXGroup;
			children = (
				4F4346492C2D302700F91839 /* CalculatorStoryboardTests.swift */,
			);
			path = CalculatorStoryboardTests;
			sourceTree = "<group>";
		};
		4F4346522C2D302700F91839 /* CalculatorStoryboardUITests */ = {
			isa = PBXGroup;
			children = (
				4F4346532C2D302700F91839 /* CalculatorStoryboardUITests.swift */,
				4F4346552C2D302700F91839 /* CalculatorStoryboardUITestsLaunchTests.swift */,
			);
			path = CalculatorStoryboardUITests;
			sourceTree = "<group>";
		};
/* End PBXGroup section */

/* Begin PBXNativeTarget section */
		4F43462E2C2D302500F91839 /* CalculatorStoryboard */ = {
			isa = PBXNativeTarget;
			buildConfigurationList = 4F4346592C2D302700F91839 /* Build configuration list for PBXNativeTarget "CalculatorStoryboard" */;
			buildPhases = (
				4F43462B2C2D302500F91839 /* Sources */,
				4F43462C2C2D302500F91839 /* Frameworks */,
				4F43462D2C2D302500F91839 /* Resources */,
			);
			buildRules = (
			);
			dependencies = (
			);
			name = CalculatorStoryboard;
			productName = CalculatorStoryboard;
			productReference = 4F43462F2C2D302500F91839 /* CalculatorStoryboard.app */;
			productType = "com.apple.product-type.application";
		};
		4F4346442C2D302700F91839 /* CalculatorStoryboardTests */ = {
			isa = PBXNativeTarget;
			buildConfigurationList = 4F43465C2C2D302700F91839 /* Build configuration list for PBXNativeTarget "CalculatorStoryboardTests" */;
			buildPhases = (
				4F4346412C2D302700F91839 /* Sources */,
				4F4346422C2D302700F91839 /* Frameworks */,
				4F4346432C2D302700F91839 /* Resources */,
			);
			buildRules = (
			);
			dependencies = (
				4F4346472C2D302700F91839 /* PBXTargetDependency */,
			);
			name = CalculatorStoryboardTests;
			productName = CalculatorStoryboardTests;
			productReference = 4F4346452C2D302700F91839 /* CalculatorStoryboardTests.xctest */;
			productType = "com.apple.product-type.bundle.unit-test";
		};
		4F43464E2C2D302700F91839 /* CalculatorStoryboardUITests */ = {
			isa = PBXNativeTarget;
			buildConfigurationList = 4F43465F2C2D302700F91839 /* Build configuration list for PBXNativeTarget "CalculatorStoryboardUITests" */;
			buildPhases = (
				4F43464B2C2D302700F91839 /* Sources */,
				4F43464C2C2D302700F91839 /* Frameworks */,
				4F43464D2C2D302700F91839 /* Resources */,
			);
			buildRules = (
			);
			dependencies = (
				4F4346512C2D302700F91839 /* PBXTargetDependency */,
			);
			name = CalculatorStoryboardUITests;
			productName = CalculatorStoryboardUITests;
			productReference = 4F43464F2C2D302700F91839 /* CalculatorStoryboardUITests.xctest */;
			productType = "com.apple.product-type.bundle.ui-testing";
		};
/* End PBXNativeTarget section */

/* Begin PBXProject section */
		4F4346272C2D302500F91839 /* Project object */ = {
			isa = PBXProject;
			attributes = {
				BuildIndependentTargetsInParallel = 1;
				LastSwiftUpdateCheck = 1540;
				LastUpgradeCheck = 1540;
				TargetAttributes = {
					4F43462E2C2D302500F91839 = {
						CreatedOnToolsVersion = 15.4;
					};
					4F4346442C2D302700F91839 = {
						CreatedOnToolsVersion = 15.4;
						TestTargetID = 4F43462E2C2D302500F91839;
					};
					4F43464E2C2D302700F91839 = {
						CreatedOnToolsVersion = 15.4;
						TestTargetID = 4F43462E2C2D302500F91839;
					};
				};
			};
			buildConfigurationList = 4F43462A2C2D302500F91839 /* Build configuration list for PBXProject "CalculatorStoryboard" */;
			compatibilityVersion = "Xcode 14.0";
			developmentRegion = en;
			hasScannedForEncodings = 0;
			knownRegions = (
				en,
				Base,
			);
			mainGroup = 4F4346262C2D302500F91839;
			productRefGroup = 4F4346302C2D302500F91839 /* Products */;
			projectDirPath = "";
			projectRoot = "";
			targets = (
				4F43462E2C2D302500F91839 /* CalculatorStoryboard */,
				4F4346442C2D302700F91839 /* CalculatorStoryboardTests */,
				4F43464E2C2D302700F91839 /* CalculatorStoryboardUITests */,
			);
		};
/* End PBXProject section */

/* Begin PBXResourcesBuildPhase section */
		4F43462D2C2D302500F91839 /* Resources */ = {
			isa = PBXResourcesBuildPhase;
			buildActionMask = 2147483647;
			files = (
				4F43463C2C2D302700F91839 /* Assets.xcassets in Resources */,
				4F43463F2C2D302700F91839 /* Base in Resources */,
				4F43463A2C2D302500F91839 /* Base in Resources */,
			);
			runOnlyForDeploymentPostprocessing = 0;
		};
		4F4346432C2D302700F91839 /* Resources */ = {
			isa = PBXResourcesBuildPhase;
			buildActionMask = 2147483647;
			files = (
			);
			runOnlyForDeploymentPostprocessing = 0;
		};
		4F43464D2C2D302700F91839 /* Resources */ = {
			isa = PBXResourcesBuildPhase;
			buildActionMask = 2147483647;
			files = (
			);
			runOnlyForDeploymentPostprocessing = 0;
		};
/* End PBXResourcesBuildPhase section */

/* Begin PBXSourcesBuildPhase section */
		4F43462B2C2D302500F91839 /* Sources */ = {
			isa = PBXSourcesBuildPhase;
			buildActionMask = 2147483647;
			files = (
				4F4346372C2D302500F91839 /* ViewController.swift in Sources */,
				4F4346332C2D302500F91839 /* AppDelegate.swift in Sources */,
				4F4346352C2D302500F91839 /* SceneDelegate.swift in Sources */,
			);
			runOnlyForDeploymentPostprocessing = 0;
		};
		4F4346412C2D302700F91839 /* Sources */ = {
			isa = PBXSourcesBuildPhase;
			buildActionMask = 2147483647;
			files = (
				4F43464A2C2D302700F91839 /* CalculatorStoryboardTests.swift in Sources */,
			);
			runOnlyForDeploymentPostprocessing = 0;
		};
		4F43464B2C2D302700F91839 /* Sources */ = {
			isa = PBXSourcesBuildPhase;
			buildActionMask = 2147483647;
			files = (
				4F4346542C2D302700F91839 /* CalculatorStoryboardUITests.swift in Sources */,
				4F4346562C2D302700F91839 /* CalculatorStoryboardUITestsLaunchTests.swift in Sources */,
			);
			runOnlyForDeploymentPostprocessing = 0;
		};
/* End PBXSourcesBuildPhase section */

/* Begin PBXTargetDependency section */
		4F4346472C2D302700F91839 /* PBXTargetDependency */ = {
			isa = PBXTargetDependency;
			target = 4F43462E2C2D302500F91839 /* CalculatorStoryboard */;
			targetProxy = 4F4346462C2D302700F91839 /* PBXContainerItemProxy */;
		};
		4F4346512C2D302700F91839 /* PBXTargetDependency */ = {
			isa = PBXTargetDependency;
			target = 4F43462E2C2D302500F91839 /* CalculatorStoryboard */;
			targetProxy = 4F4346502C2D302700F91839 /* PBXContainerItemProxy */;
		};
/* End PBXTargetDependency section */

/* Begin PBXVariantGroup section */
		4F4346382C2D302500F91839 /* Main.storyboard */ = {
			isa = PBXVariantGroup;
			children = (
				4F4346392C2D302500F91839 /* Base */,
			);
			name = Main.storyboard;
			sourceTree = "<group>";
		};
		4F43463D2C2D302700F91839 /* LaunchScreen.storyboard */ = {
			isa = PBXVariantGroup;
			children = (
				4F43463E2C2D302700F91839 /* Base */,
			);
			name = LaunchScreen.storyboard;
			sourceTree = "<group>";
		};
/* End PBXVariantGroup section */

/* Begin XCBuildConfiguration section */
		4F4346572C2D302700F91839 /* Debug */ = {
			isa = XCBuildConfiguration;
			buildSettings = {
				ALWAYS_SEARCH_USER_PATHS = NO;
				ASSETCATALOG_COMPILER_GENERATE_SWIFT_ASSET_SYMBOL_EXTENSIONS = YES;
				CLANG_ANALYZER_NONNULL = YES;
				CLANG_ANALYZER_NUMBER_OBJECT_CONVERSION = YES_AGGRESSIVE;
				CLANG_CXX_LANGUAGE_STANDARD = "gnu++20";
				CLANG_ENABLE_MODULES = YES;
				CLANG_ENABLE_OBJC_ARC = YES;
				CLANG_ENABLE_OBJC_WEAK = YES;
				CLANG_WARN_BLOCK_CAPTURE_AUTORELEASING = YES;
				CLANG_WARN_BOOL_CONVERSION = YES;
				CLANG_WARN_COMMA = YES;
				CLANG_WARN_CONSTANT_CONVERSION = YES;
				CLANG_WARN_DEPRECATED_OBJC_IMPLEMENTATIONS = YES;
				CLANG_WARN_DIRECT_OBJC_ISA_USAGE = YES_ERROR;
				CLANG_WARN_DOCUMENTATION_COMMENTS = YES;
				CLANG_WARN_EMPTY_BODY = YES;
				CLANG_WARN_ENUM_CONVERSION = YES;
				CLANG_WARN_INFINITE_RECURSION = YES;
				CLANG_WARN_INT_CONVERSION = YES;
				CLANG_WARN_NON_LITERAL_NULL_CONVERSION = YES;
				CLANG_WARN_OBJC_IMPLICIT_RETAIN_SELF = YES;
				CLANG_WARN_OBJC_LITERAL_CONVERSION = YES;
				CLANG_WARN_OBJC_ROOT_CLASS = YES_ERROR;
				CLANG_WARN_QUOTED_INCLUDE_IN_FRAMEWORK_HEADER = YES;
				CLANG_WARN_RANGE_LOOP_ANALYSIS = YES;
				CLANG_WARN_STRICT_PROTOTYPES = YES;
				CLANG_WARN_SUSPICIOUS_MOVE = YES;
				CLANG_WARN_UNGUARDED_AVAILABILITY = YES_AGGRESSIVE;
				CLANG_WARN_UNREACHABLE_CODE = YES;
				CLANG_WARN__DUPLICATE_METHOD_MATCH = YES;
				COPY_PHASE_STRIP = NO;
				DEBUG_INFORMATION_FORMAT = dwarf;
				ENABLE_STRICT_OBJC_MSGSEND = YES;
				ENABLE_TESTABILITY = YES;
				ENABLE_USER_SCRIPT_SANDBOXING = YES;
				GCC_C_LANGUAGE_STANDARD = gnu17;
				GCC_DYNAMIC_NO_PIC = NO;
				GCC_NO_COMMON_BLOCKS = YES;
				GCC_OPTIMIZATION_LEVEL = 0;
				GCC_PREPROCESSOR_DEFINITIONS = (
					"DEBUG=1",
					"$(inherited)",
				);
				GCC_WARN_64_TO_32_BIT_CONVERSION = YES;
				GCC_WARN_ABOUT_RETURN_TYPE = YES_ERROR;
				GCC_WARN_UNDECLARED_SELECTOR = YES;
				GCC_WARN_UNINITIALIZED_AUTOS = YES_AGGRESSIVE;
				GCC_WARN_UNUSED_FUNCTION = YES;
				GCC_WARN_UNUSED_VARIABLE = YES;
				IPHONEOS_DEPLOYMENT_TARGET = 17.5;
				LOCALIZATION_PREFERS_STRING_CATALOGS = YES;
				MTL_ENABLE_DEBUG_INFO = INCLUDE_SOURCE;
				MTL_FAST_MATH = YES;
				ONLY_ACTIVE_ARCH = YES;
				SDKROOT = iphoneos;
				SWIFT_ACTIVE_COMPILATION_CONDITIONS = "DEBUG $(inherited)";
				SWIFT_OPTIMIZATION_LEVEL = "-Onone";
			};
			name = Debug;
		};
		4F4346582C2D302700F91839 /* Release */ = {
			isa = XCBuildConfiguration;
			buildSettings = {
				ALWAYS_SEARCH_USER_PATHS = NO;
				ASSETCATALOG_COMPILER_GENERATE_SWIFT_ASSET_SYMBOL_EXTENSIONS = YES;
				CLANG_ANALYZER_NONNULL = YES;
				CLANG_ANALYZER_NUMBER_OBJECT_CONVERSION = YES_AGGRESSIVE;
				CLANG_CXX_LANGUAGE_STANDARD = "gnu++20";
				CLANG_ENABLE_MODULES = YES;
				CLANG_ENABLE_OBJC_ARC = YES;
				CLANG_ENABLE_OBJC_WEAK = YES;
				CLANG_WARN_BLOCK_CAPTURE_AUTORELEASING = YES;
				CLANG_WARN_BOOL_CONVERSION = YES;
				CLANG_WARN_COMMA = YES;
				CLANG_WARN_CONSTANT_CONVERSION = YES;
				CLANG_WARN_DEPRECATED_OBJC_IMPLEMENTATIONS = YES;
				CLANG_WARN_DIRECT_OBJC_ISA_USAGE = YES_ERROR;
				CLANG_WARN_DOCUMENTATION_COMMENTS = YES;
				CLANG_WARN_EMPTY_BODY = YES;
				CLANG_WARN_ENUM_CONVERSION = YES;
				CLANG_WARN_INFINITE_RECURSION = YES;
				CLANG_WARN_INT_CONVERSION = YES;
				CLANG_WARN_NON_LITERAL_NULL_CONVERSION = YES;
				CLANG_WARN_OBJC_IMPLICIT_RETAIN_SELF = YES;
				CLANG_WARN_OBJC_LITERAL_CONVERSION = YES;
				CLANG_WARN_OBJC_ROOT_CLASS = YES_ERROR;
				CLANG_WARN_QUOTED_INCLUDE_IN_FRAMEWORK_HEADER = YES;
				CLANG_WARN_RANGE_LOOP_ANALYSIS = YES;
				CLANG_WARN_STRICT_PROTOTYPES = YES;
				CLANG_WARN_SUSPICIOUS_MOVE = YES;
				CLANG_WARN_UNGUARDED_AVAILABILITY = YES_AGGRESSIVE;
				CLANG_WARN_UNREACHABLE_CODE = YES;
				CLANG_WARN__DUPLICATE_METHOD_MATCH = YES;
				COPY_PHASE_STRIP = NO;
				DEBUG_INFORMATION_FORMAT = "dwarf-with-dsym";
				ENABLE_NS_ASSERTIONS = NO;
				ENABLE_STRICT_OBJC_MSGSEND = YES;
				ENABLE_USER_SCRIPT_SANDBOXING = YES;
				GCC_C_LANGUAGE_STANDARD = gnu17;
				GCC_NO_COMMON_BLOCKS = YES;
				GCC_WARN_64_TO_32_BIT_CONVERSION = YES;
				GCC_WARN_ABOUT_RETURN_TYPE = YES_ERROR;
				GCC_WARN_UNDECLARED_SELECTOR = YES;
				GCC_WARN_UNINITIALIZED_AUTOS = YES_AGGRESSIVE;
				GCC_WARN_UNUSED_FUNCTION = YES;
				GCC_WARN_UNUSED_VARIABLE = YES;
				IPHONEOS_DEPLOYMENT_TARGET = 17.5;
				LOCALIZATION_PREFERS_STRING_CATALOGS = YES;
				MTL_ENABLE_DEBUG_INFO = NO;
				MTL_FAST_MATH = YES;
				SDKROOT = iphoneos;
				SWIFT_COMPILATION_MODE = wholemodule;
				VALIDATE_PRODUCT = YES;
			};
			name = Release;
		};
		4F43465A2C2D302700F91839 /* Debug */ = {
			isa = XCBuildConfiguration;
			buildSettings = {
				ASSETCATALOG_COMPILER_APPICON_NAME = AppIcon;
				ASSETCATALOG_COMPILER_GLOBAL_ACCENT_COLOR_NAME = AccentColor;
				CODE_SIGN_STYLE = Automatic;
				CURRENT_PROJECT_VERSION = 1;
				GENERATE_INFOPLIST_FILE = YES;
				INFOPLIST_FILE = CalculatorStoryboard/Info.plist;
				INFOPLIST_KEY_UIApplicationSupportsIndirectInputEvents = YES;
				INFOPLIST_KEY_UILaunchStoryboardName = LaunchScreen;
				INFOPLIST_KEY_UIMainStoryboardFile = Main;
				INFOPLIST_KEY_UISupportedInterfaceOrientations_iPad = "UIInterfaceOrientationPortrait UIInterfaceOrientationPortraitUpsideDown UIInterfaceOrientationLandscapeLeft UIInterfaceOrientationLandscapeRight";
				INFOPLIST_KEY_UISupportedInterfaceOrientations_iPhone = "UIInterfaceOrientationPortrait UIInterfaceOrientationLandscapeLeft UIInterfaceOrientationLandscapeRight";
				LD_RUNPATH_SEARCH_PATHS = (
					"$(inherited)",
					"@executable_path/Frameworks",
				);
				MARKETING_VERSION = 1.0;
				PRODUCT_BUNDLE_IDENTIFIER = lyulyu.CalculatorStoryboard;
				PRODUCT_NAME = "$(TARGET_NAME)";
				SWIFT_EMIT_LOC_STRINGS = YES;
				SWIFT_VERSION = 5.0;
				TARGETED_DEVICE_FAMILY = "1,2";
			};
			name = Debug;
		};
		4F43465B2C2D302700F91839 /* Release */ = {
			isa = XCBuildConfiguration;
			buildSettings = {
				ASSETCATALOG_COMPILER_APPICON_NAME = AppIcon;
				ASSETCATALOG_COMPILER_GLOBAL_ACCENT_COLOR_NAME = AccentColor;
				CODE_SIGN_STYLE = Automatic;
				CURRENT_PROJECT_VERSION = 1;
				GENERATE_INFOPLIST_FILE = YES;
				INFOPLIST_FILE = CalculatorStoryboard/Info.plist;
				INFOPLIST_KEY_UIApplicationSupportsIndirectInputEvents = YES;
				INFOPLIST_KEY_UILaunchStoryboardName = LaunchScreen;
				INFOPLIST_KEY_UIMainStoryboardFile = Main;
				INFOPLIST_KEY_UISupportedInterfaceOrientations_iPad = "UIInterfaceOrientationPortrait UIInterfaceOrientationPortraitUpsideDown UIInterfaceOrientationLandscapeLeft UIInterfaceOrientationLandscapeRight";
				INFOPLIST_KEY_UISupportedInterfaceOrientations_iPhone = "UIInterfaceOrientationPortrait UIInterfaceOrientationLandscapeLeft UIInterfaceOrientationLandscapeRight";
				LD_RUNPATH_SEARCH_PATHS = (
					"$(inherited)",
					"@executable_path/Frameworks",
				);
				MARKETING_VERSION = 1.0;
				PRODUCT_BUNDLE_IDENTIFIER = lyulyu.CalculatorStoryboard;
				PRODUCT_NAME = "$(TARGET_NAME)";
				SWIFT_EMIT_LOC_STRINGS = YES;
				SWIFT_VERSION = 5.0;
				TARGETED_DEVICE_FAMILY = "1,2";
			};
			name = Release;
		};
		4F43465D2C2D302700F91839 /* Debug */ = {
			isa = XCBuildConfiguration;
			buildSettings = {
				ALWAYS_EMBED_SWIFT_STANDARD_LIBRARIES = YES;
				BUNDLE_LOADER = "$(TEST_HOST)";
				CODE_SIGN_STYLE = Automatic;
				CURRENT_PROJECT_VERSION = 1;
				GENERATE_INFOPLIST_FILE = YES;
				IPHONEOS_DEPLOYMENT_TARGET = 17.5;
				MARKETING_VERSION = 1.0;
				PRODUCT_BUNDLE_IDENTIFIER = lyulyu.CalculatorStoryboardTests;
				PRODUCT_NAME = "$(TARGET_NAME)";
				SWIFT_EMIT_LOC_STRINGS = NO;
				SWIFT_VERSION = 5.0;
				TARGETED_DEVICE_FAMILY = "1,2";
				TEST_HOST = "$(BUILT_PRODUCTS_DIR)/CalculatorStoryboard.app/$(BUNDLE_EXECUTABLE_FOLDER_PATH)/CalculatorStoryboard";
			};
			name = Debug;
		};
		4F43465E2C2D302700F91839 /* Release */ = {
			isa = XCBuildConfiguration;
			buildSettings = {
				ALWAYS_EMBED_SWIFT_STANDARD_LIBRARIES = YES;
				BUNDLE_LOADER = "$(TEST_HOST)";
				CODE_SIGN_STYLE = Automatic;
				CURRENT_PROJECT_VERSION = 1;
				GENERATE_INFOPLIST_FILE = YES;
				IPHONEOS_DEPLOYMENT_TARGET = 17.5;
				MARKETING_VERSION = 1.0;
				PRODUCT_BUNDLE_IDENTIFIER = lyulyu.CalculatorStoryboardTests;
				PRODUCT_NAME = "$(TARGET_NAME)";
				SWIFT_EMIT_LOC_STRINGS = NO;
				SWIFT_VERSION = 5.0;
				TARGETED_DEVICE_FAMILY = "1,2";
				TEST_HOST = "$(BUILT_PRODUCTS_DIR)/CalculatorStoryboard.app/$(BUNDLE_EXECUTABLE_FOLDER_PATH)/CalculatorStoryboard";
			};
			name = Release;
		};
		4F4346602C2D302700F91839 /* Debug */ = {
			isa = XCBuildConfiguration;
			buildSettings = {
				ALWAYS_EMBED_SWIFT_STANDARD_LIBRARIES = YES;
				CODE_SIGN_STYLE = Automatic;
				CURRENT_PROJECT_VERSION = 1;
				GENERATE_INFOPLIST_FILE = YES;
				MARKETING_VERSION = 1.0;
				PRODUCT_BUNDLE_IDENTIFIER = lyulyu.CalculatorStoryboardUITests;
				PRODUCT_NAME = "$(TARGET_NAME)";
				SWIFT_EMIT_LOC_STRINGS = NO;
				SWIFT_VERSION = 5.0;
				TARGETED_DEVICE_FAMILY = "1,2";
				TEST_TARGET_NAME = CalculatorStoryboard;
			};
			name = Debug;
		};
		4F4346612C2D302700F91839 /* Release */ = {
			isa = XCBuildConfiguration;
			buildSettings = {
				ALWAYS_EMBED_SWIFT_STANDARD_LIBRARIES = YES;
				CODE_SIGN_STYLE = Automatic;
				CURRENT_PROJECT_VERSION = 1;
				GENERATE_INFOPLIST_FILE = YES;
				MARKETING_VERSION = 1.0;
				PRODUCT_BUNDLE_IDENTIFIER = lyulyu.CalculatorStoryboardUITests;
				PRODUCT_NAME = "$(TARGET_NAME)";
				SWIFT_EMIT_LOC_STRINGS = NO;
				SWIFT_VERSION = 5.0;
				TARGETED_DEVICE_FAMILY = "1,2";
				TEST_TARGET_NAME = CalculatorStoryboard;
			};
			name = Release;
		};
/* End XCBuildConfiguration section */

/* Begin XCConfigurationList section */
		4F43462A2C2D302500F91839 /* Build configuration list for PBXProject "CalculatorStoryboard" */ = {
			isa = XCConfigurationList;
			buildConfigurations = (
				4F4346572C2D302700F91839 /* Debug */,
				4F4346582C2D302700F91839 /* Release */,
			);
			defaultConfigurationIsVisible = 0;
			defaultConfigurationName = Release;
		};
		4F4346592C2D302700F91839 /* Build configuration list for PBXNativeTarget "CalculatorStoryboard" */ = {
			isa = XCConfigurationList;
			buildConfigurations = (
				4F43465A2C2D302700F91839 /* Debug */,
				4F43465B2C2D302700F91839 /* Release */,
			);
			defaultConfigurationIsVisible = 0;
			defaultConfigurationName = Release;
		};
		4F43465C2C2D302700F91839 /* Build configuration list for PBXNativeTarget "CalculatorStoryboardTests" */ = {
			isa = XCConfigurationList;
			buildConfigurations = (
				4F43465D2C2D302700F91839 /* Debug */,
				4F43465E2C2D302700F91839 /* Release */,
			);
			defaultConfigurationIsVisible = 0;
			defaultConfigurationName = Release;
		};
		4F43465F2C2D302700F91839 /* Build configuration list for PBXNativeTarget "CalculatorStoryboardUITests" */ = {
			isa = XCConfigurationList;
			buildConfigurations = (
				4F4346602C2D302700F91839 /* Debug */,
				4F4346612C2D302700F91839 /* Release */,
			);
			defaultConfigurationIsVisible = 0;
			defaultConfigurationName = Release;
		};
/* End XCConfigurationList section */
	};
	rootObject = 4F4346272C2D302500F91839 /* Project object */;
}
